// !$*UTF8*$!
{
	archiveVersion = 1;
	classes = {
	};
	objectVersion = 50;
	objects = {

/* Begin PBXBuildFile section */
		859A9D30269988A000C11ABA /* CircleImage.swift in Sources */ = {isa = PBXBuildFile; fileRef = 859A9D2F269988A000C11ABA /* CircleImage.swift */; };
		859A9D322699896C00C11ABA /* MapView.swift in Sources */ = {isa = PBXBuildFile; fileRef = 859A9D312699896C00C11ABA /* MapView.swift */; };
		859A9D362699904C00C11ABA /* Landmark.swift in Sources */ = {isa = PBXBuildFile; fileRef = 859A9D352699904C00C11ABA /* Landmark.swift */; };
		859A9D382699920800C11ABA /* ModelData.swift in Sources */ = {isa = PBXBuildFile; fileRef = 859A9D372699920800C11ABA /* ModelData.swift */; };
		859A9D3D2699938600C11ABA /* landmarkData.json in Resources */ = {isa = PBXBuildFile; fileRef = 859A9D3C2699938600C11ABA /* landmarkData.json */; };
		859A9D3F269993C400C11ABA /* LandmarkRow.swift in Sources */ = {isa = PBXBuildFile; fileRef = 859A9D3E269993C400C11ABA /* LandmarkRow.swift */; };
		859A9D412699961400C11ABA /* LandmarkList.swift in Sources */ = {isa = PBXBuildFile; fileRef = 859A9D402699961400C11ABA /* LandmarkList.swift */; };
		85FA58FB2699803A00936F3E /* LandmarksApp.swift in Sources */ = {isa = PBXBuildFile; fileRef = 85FA58FA2699803A00936F3E /* LandmarksApp.swift */; };
		85FA58FD2699803A00936F3E /* ContentView.swift in Sources */ = {isa = PBXBuildFile; fileRef = 85FA58FC2699803A00936F3E /* ContentView.swift */; };
		85FA58FF2699803D00936F3E /* Assets.xcassets in Resources */ = {isa = PBXBuildFile; fileRef = 85FA58FE2699803D00936F3E /* Assets.xcassets */; };
		85FA59022699803D00936F3E /* Preview Assets.xcassets in Resources */ = {isa = PBXBuildFile; fileRef = 85FA59012699803D00936F3E /* Preview Assets.xcassets */; };
/* End PBXBuildFile section */

/* Begin PBXFileReference section */
		859A9D2F269988A000C11ABA /* CircleImage.swift */ = {isa = PBXFileReference; lastKnownFileType = sourcecode.swift; path = CircleImage.swift; sourceTree = "<group>"; };
		859A9D312699896C00C11ABA /* MapView.swift */ = {isa = PBXFileReference; lastKnownFileType = sourcecode.swift; path = MapView.swift; sourceTree = "<group>"; };
		859A9D352699904C00C11ABA /* Landmark.swift */ = {isa = PBXFileReference; lastKnownFileType = sourcecode.swift; path = Landmark.swift; sourceTree = "<group>"; };
		859A9D372699920800C11ABA /* ModelData.swift */ = {isa = PBXFileReference; lastKnownFileType = sourcecode.swift; path = ModelData.swift; sourceTree = "<group>"; };
		859A9D3C2699938600C11ABA /* landmarkData.json */ = {isa = PBXFileReference; fileEncoding = 4; lastKnownFileType = text.json; path = landmarkData.json; sourceTree = "<group>"; };
		859A9D3E269993C400C11ABA /* LandmarkRow.swift */ = {isa = PBXFileReference; lastKnownFileType = sourcecode.swift; path = LandmarkRow.swift; sourceTree = "<group>"; };
		859A9D402699961400C11ABA /* LandmarkList.swift */ = {isa = PBXFileReference; lastKnownFileType = sourcecode.swift; path = LandmarkList.swift; sourceTree = "<group>"; };
		85FA58F72699803A00936F3E /* Landmarks.app */ = {isa = PBXFileReference; explicitFileType = wrapper.application; includeInIndex = 0; path = Landmarks.app; sourceTree = BUILT_PRODUCTS_DIR; };
		85FA58FA2699803A00936F3E /* LandmarksApp.swift */ = {isa = PBXFileReference; lastKnownFileType = sourcecode.swift; path = LandmarksApp.swift; sourceTree = "<group>"; };
		85FA58FC2699803A00936F3E /* ContentView.swift */ = {isa = PBXFileReference; lastKnownFileType = sourcecode.swift; path = ContentView.swift; sourceTree = "<group>"; };
		85FA58FE2699803D00936F3E /* Assets.xcassets */ = {isa = PBXFileReference; lastKnownFileType = folder.assetcatalog; path = Assets.xcassets; sourceTree = "<group>"; };
		85FA59012699803D00936F3E /* Preview Assets.xcassets */ = {isa = PBXFileReference; lastKnownFileType = folder.assetcatalog; path = "Preview Assets.xcassets"; sourceTree = "<group>"; };
		85FA59032699803D00936F3E /* Info.plist */ = {isa = PBXFileReference; lastKnownFileType = text.plist.xml; path = Info.plist; sourceTree = "<group>"; };
/* End PBXFileReference section */

/* Begin PBXFrameworksBuildPhase section */
		85FA58F42699803A00936F3E /* Frameworks */ = {
			isa = PBXFrameworksBuildPhase;
			buildActionMask = 2147483647;
			files = (
			);
			runOnlyForDeploymentPostprocessing = 0;
		};
/* End PBXFrameworksBuildPhase section */

/* Begin PBXGroup section */
		859A9D392699931E00C11ABA /* Views */ = {
			isa = PBXGroup;
			children = (
				85FA58FC2699803A00936F3E /* ContentView.swift */,
				859A9D2F269988A000C11ABA /* CircleImage.swift */,
				859A9D312699896C00C11ABA /* MapView.swift */,
				859A9D3E269993C400C11ABA /* LandmarkRow.swift */,
				859A9D402699961400C11ABA /* LandmarkList.swift */,
			);
			path = Views;
			sourceTree = "<group>";
		};
		859A9D3A2699932A00C11ABA /* Model */ = {
			isa = PBXGroup;
			children = (
				859A9D372699920800C11ABA /* ModelData.swift */,
				859A9D352699904C00C11ABA /* Landmark.swift */,
			);
			path = Model;
			sourceTree = "<group>";
		};
		859A9D3B2699932F00C11ABA /* Resources */ = {
			isa = PBXGroup;
			children = (
				859A9D3C2699938600C11ABA /* landmarkData.json */,
			);
			path = Resources;
			sourceTree = "<group>";
		};
		85FA58EE2699803A00936F3E = {
			isa = PBXGroup;
			children = (
				85FA58F92699803A00936F3E /* Landmarks */,
				85FA58F82699803A00936F3E /* Products */,
			);
			sourceTree = "<group>";
		};
		85FA58F82699803A00936F3E /* Products */ = {
			isa = PBXGroup;
			children = (
				85FA58F72699803A00936F3E /* Landmarks.app */,
			);
			name = Products;
			sourceTree = "<group>";
		};
		85FA58F92699803A00936F3E /* Landmarks */ = {
			isa = PBXGroup;
			children = (
				85FA58FA2699803A00936F3E /* LandmarksApp.swift */,
				859A9D392699931E00C11ABA /* Views */,
				859A9D3A2699932A00C11ABA /* Model */,
				859A9D3B2699932F00C11ABA /* Resources */,
				85FA58FE2699803D00936F3E /* Assets.xcassets */,
				85FA59032699803D00936F3E /* Info.plist */,
				85FA59002699803D00936F3E /* Preview Content */,
			);
			path = Landmarks;
			sourceTree = "<group>";
		};
		85FA59002699803D00936F3E /* Preview Content */ = {
			isa = PBXGroup;
			children = (
				85FA59012699803D00936F3E /* Preview Assets.xcassets */,
			);
			path = "Preview Content";
			sourceTree = "<group>";
		};
/* End PBXGroup section */

/* Begin PBXNativeTarget section */
		85FA58F62699803A00936F3E /* Landmarks */ = {
			isa = PBXNativeTarget;
			buildConfigurationList = 85FA59062699803D00936F3E /* Build configuration list for PBXNativeTarget "Landmarks" */;
			buildPhases = (
				85FA58F32699803A00936F3E /* Sources */,
				85FA58F42699803A00936F3E /* Frameworks */,
				85FA58F52699803A00936F3E /* Resources */,
			);
			buildRules = (
			);
			dependencies = (
			);
			name = Landmarks;
			productName = Landmarks;
			productReference = 85FA58F72699803A00936F3E /* Landmarks.app */;
			productType = "com.apple.product-type.application";
		};
/* End PBXNativeTarget section */

/* Begin PBXProject section */
		85FA58EF2699803A00936F3E /* Project object */ = {
			isa = PBXProject;
			attributes = {
				LastSwiftUpdateCheck = 1250;
				LastUpgradeCheck = 1250;
				TargetAttributes = {
					85FA58F62699803A00936F3E = {
						CreatedOnToolsVersion = 12.5;
					};
				};
			};
			buildConfigurationList = 85FA58F22699803A00936F3E /* Build configuration list for PBXProject "Landmarks" */;
			compatibilityVersion = "Xcode 9.3";
			developmentRegion = en;
			hasScannedForEncodings = 0;
			knownRegions = (
				en,
				Base,
			);
			mainGroup = 85FA58EE2699803A00936F3E;
			productRefGroup = 85FA58F82699803A00936F3E /* Products */;
			projectDirPath = "";
			projectRoot = "";
			targets = (
				85FA58F62699803A00936F3E /* Landmarks */,
			);
		};
/* End PBXProject section */

/* Begin PBXResourcesBuildPhase section */
		85FA58F52699803A00936F3E /* Resources */ = {
			isa = PBXResourcesBuildPhase;
			buildActionMask = 2147483647;
			files = (
				85FA59022699803D00936F3E /* Preview Assets.xcassets in Resources */,
				85FA58FF2699803D00936F3E /* Assets.xcassets in Resources */,
				859A9D3D2699938600C11ABA /* landmarkData.json in Resources */,
			);
			runOnlyForDeploymentPostprocessing = 0;
		};
/* End PBXResourcesBuildPhase section */

/* Begin PBXSourcesBuildPhase section */
		85FA58F32699803A00936F3E /* Sources */ = {
			isa = PBXSourcesBuildPhase;
			buildActionMask = 2147483647;
			files = (
				85FA58FD2699803A00936F3E /* ContentView.swift in Sources */,
				859A9D322699896C00C11ABA /* MapView.swift in Sources */,
				85FA58FB2699803A00936F3E /* LandmarksApp.swift in Sources */,
				859A9D412699961400C11ABA /* LandmarkList.swift in Sources */,
				859A9D30269988A000C11ABA /* CircleImage.swift in Sources */,
				859A9D362699904C00C11ABA /* Landmark.swift in Sources */,
				859A9D3F269993C400C11ABA /* LandmarkRow.swift in Sources */,
				859A9D382699920800C11ABA /* ModelData.swift in Sources */,
			);
			runOnlyForDeploymentPostprocessing = 0;
		};
/* End PBXSourcesBuildPhase section */

/* Begin XCBuildConfiguration section */
		85FA59042699803D00936F3E /* Debug */ = {
			isa = XCBuildConfiguration;
			buildSettings = {
				ALWAYS_SEARCH_USER_PATHS = NO;
				CLANG_ANALYZER_NONNULL = YES;
				CLANG_ANALYZER_NUMBER_OBJECT_CONVERSION = YES_AGGRESSIVE;
				CLANG_CXX_LANGUAGE_STANDARD = "gnu++14";
				CLANG_CXX_LIBRARY = "libc++";
				CLANG_ENABLE_MODULES = YES;
				CLANG_ENABLE_OBJC_ARC = YES;
				CLANG_ENABLE_OBJC_WEAK = YES;
				CLANG_WARN_BLOCK_CAPTURE_AUTORELEASING = YES;
				CLANG_WARN_BOOL_CONVERSION = YES;
				CLANG_WARN_COMMA = YES;
				CLANG_WARN_CONSTANT_CONVERSION = YES;
				CLANG_WARN_DEPRECATED_OBJC_IMPLEMENTATIONS = YES;
				CLANG_WARN_DIRECT_OBJC_ISA_USAGE = YES_ERROR;
				CLANG_WARN_DOCUMENTATION_COMMENTS = YES;
				CLANG_WARN_EMPTY_BODY = YES;
				CLANG_WARN_ENUM_CONVERSION = YES;
				CLANG_WARN_INFINITE_RECURSION = YES;
				CLANG_WARN_INT_CONVERSION = YES;
				CLANG_WARN_NON_LITERAL_NULL_CONVERSION = YES;
				CLANG_WARN_OBJC_IMPLICIT_RETAIN_SELF = YES;
				CLANG_WARN_OBJC_LITERAL_CONVERSION = YES;
				CLANG_WARN_OBJC_ROOT_CLASS = YES_ERROR;
				CLANG_WARN_QUOTED_INCLUDE_IN_FRAMEWORK_HEADER = YES;
				CLANG_WARN_RANGE_LOOP_ANALYSIS = YES;
				CLANG_WARN_STRICT_PROTOTYPES = YES;
				CLANG_WARN_SUSPICIOUS_MOVE = YES;
				CLANG_WARN_UNGUARDED_AVAILABILITY = YES_AGGRESSIVE;
				CLANG_WARN_UNREACHABLE_CODE = YES;
				CLANG_WARN__DUPLICATE_METHOD_MATCH = YES;
				COPY_PHASE_STRIP = NO;
				DEBUG_INFORMATION_FORMAT = dwarf;
				ENABLE_STRICT_OBJC_MSGSEND = YES;
				ENABLE_TESTABILITY = YES;
				GCC_C_LANGUAGE_STANDARD = gnu11;
				GCC_DYNAMIC_NO_PIC = NO;
				GCC_NO_COMMON_BLOCKS = YES;
				GCC_OPTIMIZATION_LEVEL = 0;
				GCC_PREPROCESSOR_DEFINITIONS = (
					"DEBUG=1",
					"$(inherited)",
				);
				GCC_WARN_64_TO_32_BIT_CONVERSION = YES;
				GCC_WARN_ABOUT_RETURN_TYPE = YES_ERROR;
				GCC_WARN_UNDECLARED_SELECTOR = YES;
				GCC_WARN_UNINITIALIZED_AUTOS = YES_AGGRESSIVE;
				GCC_WARN_UNUSED_FUNCTION = YES;
				GCC_WARN_UNUSED_VARIABLE = YES;
				IPHONEOS_DEPLOYMENT_TARGET = 14.5;
				MTL_ENABLE_DEBUG_INFO = INCLUDE_SOURCE;
				MTL_FAST_MATH = YES;
				ONLY_ACTIVE_ARCH = YES;
				SDKROOT = iphoneos;
				SWIFT_ACTIVE_COMPILATION_CONDITIONS = DEBUG;
				SWIFT_OPTIMIZATION_LEVEL = "-Onone";
			};
			name = Debug;
		};
		85FA59052699803D00936F3E /* Release */ = {
			isa = XCBuildConfiguration;
			buildSettings = {
				ALWAYS_SEARCH_USER_PATHS = NO;
				CLANG_ANALYZER_NONNULL = YES;
				CLANG_ANALYZER_NUMBER_OBJECT_CONVERSION = YES_AGGRESSIVE;
				CLANG_CXX_LANGUAGE_STANDARD = "gnu++14";
				CLANG_CXX_LIBRARY = "libc++";
				CLANG_ENABLE_MODULES = YES;
				CLANG_ENABLE_OBJC_ARC = YES;
				CLANG_ENABLE_OBJC_WEAK = YES;
				CLANG_WARN_BLOCK_CAPTURE_AUTORELEASING = YES;
				CLANG_WARN_BOOL_CONVERSION = YES;
				CLANG_WARN_COMMA = YES;
				CLANG_WARN_CONSTANT_CONVERSION = YES;
				CLANG_WARN_DEPRECATED_OBJC_IMPLEMENTATIONS = YES;
				CLANG_WARN_DIRECT_OBJC_ISA_USAGE = YES_ERROR;
				CLANG_WARN_DOCUMENTATION_COMMENTS = YES;
				CLANG_WARN_EMPTY_BODY = YES;
				CLANG_WARN_ENUM_CONVERSION = YES;
				CLANG_WARN_INFINITE_RECURSION = YES;
				CLANG_WARN_INT_CONVERSION = YES;
				CLANG_WARN_NON_LITERAL_NULL_CONVERSION = YES;
				CLANG_WARN_OBJC_IMPLICIT_RETAIN_SELF = YES;
				CLANG_WARN_OBJC_LITERAL_CONVERSION = YES;
				CLANG_WARN_OBJC_ROOT_CLASS = YES_ERROR;
				CLANG_WARN_QUOTED_INCLUDE_IN_FRAMEWORK_HEADER = YES;
				CLANG_WARN_RANGE_LOOP_ANALYSIS = YES;
				CLANG_WARN_STRICT_PROTOTYPES = YES;
				CLANG_WARN_SUSPICIOUS_MOVE = YES;
				CLANG_WARN_UNGUARDED_AVAILABILITY = YES_AGGRESSIVE;
				CLANG_WARN_UNREACHABLE_CODE = YES;
				CLANG_WARN__DUPLICATE_METHOD_MATCH = YES;
				COPY_PHASE_STRIP = NO;
				DEBUG_INFORMATION_FORMAT = "dwarf-with-dsym";
				ENABLE_NS_ASSERTIONS = NO;
				ENABLE_STRICT_OBJC_MSGSEND = YES;
				GCC_C_LANGUAGE_STANDARD = gnu11;
				GCC_NO_COMMON_BLOCKS = YES;
				GCC_WARN_64_TO_32_BIT_CONVERSION = YES;
				GCC_WARN_ABOUT_RETURN_TYPE = YES_ERROR;
				GCC_WARN_UNDECLARED_SELECTOR = YES;
				GCC_WARN_UNINITIALIZED_AUTOS = YES_AGGRESSIVE;
				GCC_WARN_UNUSED_FUNCTION = YES;
				GCC_WARN_UNUSED_VARIABLE = YES;
				IPHONEOS_DEPLOYMENT_TARGET = 14.5;
				MTL_ENABLE_DEBUG_INFO = NO;
				MTL_FAST_MATH = YES;
				SDKROOT = iphoneos;
				SWIFT_COMPILATION_MODE = wholemodule;
				SWIFT_OPTIMIZATION_LEVEL = "-O";
				VALIDATE_PRODUCT = YES;
			};
			name = Release;
		};
		85FA59072699803D00936F3E /* Debug */ = {
			isa = XCBuildConfiguration;
			buildSettings = {
				ASSETCATALOG_COMPILER_APPICON_NAME = AppIcon;
				ASSETCATALOG_COMPILER_GLOBAL_ACCENT_COLOR_NAME = AccentColor;
				CODE_SIGN_STYLE = Automatic;
				DEVELOPMENT_ASSET_PATHS = "\"Landmarks/Preview Content\"";
				DEVELOPMENT_TEAM = RPVCHR97U7;
				ENABLE_PREVIEWS = YES;
				INFOPLIST_FILE = Landmarks/Info.plist;
				IPHONEOS_DEPLOYMENT_TARGET = 14.0;
				LD_RUNPATH_SEARCH_PATHS = (
					"$(inherited)",
					"@executable_path/Frameworks",
				);
				PRODUCT_BUNDLE_IDENTIFIER = kr.jeongah.Landmarks;
				PRODUCT_NAME = "$(TARGET_NAME)";
				SWIFT_VERSION = 5.0;
				TARGETED_DEVICE_FAMILY = "1,2";
			};
			name = Debug;
		};
		85FA59082699803D00936F3E /* Release */ = {
			isa = XCBuildConfiguration;
			buildSettings = {
				ASSETCATALOG_COMPILER_APPICON_NAME = AppIcon;
				ASSETCATALOG_COMPILER_GLOBAL_ACCENT_COLOR_NAME = AccentColor;
				CODE_SIGN_STYLE = Automatic;
				DEVELOPMENT_ASSET_PATHS = "\"Landmarks/Preview Content\"";
				DEVELOPMENT_TEAM = RPVCHR97U7;
				ENABLE_PREVIEWS = YES;
				INFOPLIST_FILE = Landmarks/Info.plist;
				IPHONEOS_DEPLOYMENT_TARGET = 14.0;
				LD_RUNPATH_SEARCH_PATHS = (
					"$(inherited)",
					"@executable_path/Frameworks",
				);
				PRODUCT_BUNDLE_IDENTIFIER = kr.jeongah.Landmarks;
				PRODUCT_NAME = "$(TARGET_NAME)";
				SWIFT_VERSION = 5.0;
				TARGETED_DEVICE_FAMILY = "1,2";
			};
			name = Release;
		};
/* End XCBuildConfiguration section */

/* Begin XCConfigurationList section */
		85FA58F22699803A00936F3E /* Build configuration list for PBXProject "Landmarks" */ = {
			isa = XCConfigurationList;
			buildConfigurations = (
				85FA59042699803D00936F3E /* Debug */,
				85FA59052699803D00936F3E /* Release */,
			);
			defaultConfigurationIsVisible = 0;
			defaultConfigurationName = Release;
		};
		85FA59062699803D00936F3E /* Build configuration list for PBXNativeTarget "Landmarks" */ = {
			isa = XCConfigurationList;
			buildConfigurations = (
				85FA59072699803D00936F3E /* Debug */,
				85FA59082699803D00936F3E /* Release */,
			);
			defaultConfigurationIsVisible = 0;
			defaultConfigurationName = Release;
		};
/* End XCConfigurationList section */
	};
	rootObject = 85FA58EF2699803A00936F3E /* Project object */;
}
